
Microsoft Visual Studio Solution File, Format Version 12.00
# Visual Studio Version 16
VisualStudioVersion = 16.0.30717.126
MinimumVisualStudioVersion = 10.0.40219.1
Project("{8BC9CEB8-8B4A-11D0-8D11-00A0C91BC942}") = "WeChatPlugin", "WeChatPlugin\WeChatPlugin.vcxproj", "{C420ECD4-45D0-4889-89FF-84D5DA5163D0}"
EndProject
Project("{8BC9CEB8-8B4A-11D0-8D11-00A0C91BC942}") = "WeChatInfo", "WeChatInfo\WeChatInfo.vcxproj", "{B1C24137-BA41-44D4-AB2C-BC7181827FA1}"
EndProject
Project("{8BC9CEB8-8B4A-11D0-8D11-00A0C91BC942}") = "WeChatOpenMore", "WeChatOpenMore\WeChatOpenMore.vcxproj", "{31F10956-258B-43DB-A61D-585C36E0FE6E}"
EndProject
Global
	GlobalSection(SolutionConfigurationPlatforms) = preSolution
		Debug|x64 = Debug|x64
		Debug|x86 = Debug|x86
		Release|x64 = Release|x64
		Release|x86 = Release|x86
	EndGlobalSection
	GlobalSection(ProjectConfigurationPlatforms) = postSolution
		{C420ECD4-45D0-4889-89FF-84D5DA5163D0}.Debug|x64.ActiveCfg = Debug|x64
		{C420ECD4-45D0-4889-89FF-84D5DA5163D0}.Debug|x64.Build.0 = Debug|x64
		{C420ECD4-45D0-4889-89FF-84D5DA5163D0}.Debug|x86.ActiveCfg = Debug|Win32
		{C420ECD4-45D0-4889-89FF-84D5DA5163D0}.Debug|x86.Build.0 = Debug|Win32
		{C420ECD4-45D0-4889-89FF-84D5DA5163D0}.Release|x64.ActiveCfg = Release|x64
		{C420ECD4-45D0-4889-89FF-84D5DA5163D0}.Release|x64.Build.0 = Release|x64
		{C420ECD4-45D0-4889-89FF-84D5DA5163D0}.Release|x86.ActiveCfg = Release|Win32
		{C420ECD4-45D0-4889-89FF-84D5DA5163D0}.Release|x86.Build.0 = Release|Win32
		{B1C24137-BA41-44D4-AB2C-BC7181827FA1}.Debug|x64.ActiveCfg = Debug|x64
		{B1C24137-BA41-44D4-AB2C-BC7181827FA1}.Debug|x64.Build.0 = Debug|x64
		{B1C24137-BA41-44D4-AB2C-BC7181827FA1}.Debug|x86.ActiveCfg = Debug|Win32
		{B1C24137-BA41-44D4-AB2C-BC7181827FA1}.Debug|x86.Build.0 = Debug|Win32
		{B1C24137-BA41-44D4-AB2C-BC7181827FA1}.Release|x64.ActiveCfg = Release|x64
		{B1C24137-BA41-44D4-AB2C-BC7181827FA1}.Release|x64.Build.0 = Release|x64
		{B1C24137-BA41-44D4-AB2C-BC7181827FA1}.Release|x86.ActiveCfg = Release|Win32
		{B1C24137-BA41-44D4-AB2C-BC7181827FA1}.Release|x86.Build.0 = Release|Win32
		{31F10956-258B-43DB-A61D-585C36E0FE6E}.Debug|x64.ActiveCfg = Debug|x64
		{31F10956-258B-43DB-A61D-585C36E0FE6E}.Debug|x64.Build.0 = Debug|x64
		{31F10956-258B-43DB-A61D-585C36E0FE6E}.Debug|x86.ActiveCfg = Debug|Win32
		{31F10956-258B-43DB-A61D-585C36E0FE6E}.Debug|x86.Build.0 = Debug|Win32
		{31F10956-258B-43DB-A61D-585C36E0FE6E}.Release|x64.ActiveCfg = Release|x64
		{31F10956-258B-43DB-A61D-585C36E0FE6E}.Release|x64.Build.0 = Release|x64
		{31F10956-258B-43DB-A61D-585C36E0FE6E}.Release|x86.ActiveCfg = Release|Win32
		{31F10956-258B-43DB-A61D-585C36E0FE6E}.Release|x86.Build.0 = Release|Win32
	EndGlobalSection
	GlobalSection(SolutionProperties) = preSolution
		HideSolutionNode = FALSE
	EndGlobalSection
	GlobalSection(ExtensibilityGlobals) = postSolution
		SolutionGuid = {F6DE79C8-2979-4CF1-9A20-5A95405398A4}
	EndGlobalSection
EndGlobal
