<?xml version="1.0" encoding="utf-8"?>
<Project ToolsVersion="4.0" xmlns="http://schemas.microsoft.com/developer/msbuild/2003">
  <ItemGroup>
    <Filter Include="资源文件">
      <UniqueIdentifier>{67DA6AB6-F800-4c08-8B7A-83BB121AAD01}</UniqueIdentifier>
      <Extensions>rc;ico;cur;bmp;dlg;rc2;rct;bin;rgs;gif;jpg;jpeg;jpe;resx;tiff;tif;png;wav;mfcribbon-ms</Extensions>
    </Filter>
    <Filter Include="其他">
      <UniqueIdentifier>{4FC737F1-C7A5-4376-A066-2A32D752A2FF}</UniqueIdentifier>
      <Extensions>cpp;c;cc;cxx;c++;cppm;ixx;def;odl;idl;hpj;bat;asm;asmx</Extensions>
    </Filter>
    <Filter Include="FILTER_快照">
      <UniqueIdentifier>{ea576ca8-b6dd-4254-8743-587028244671}</UniqueIdentifier>
    </Filter>
    <Filter Include="FILTER_增强控件">
      <UniqueIdentifier>{845c337f-2975-4a92-a17c-ae4f630f642a}</UniqueIdentifier>
    </Filter>
    <Filter Include="FILTER_PE">
      <UniqueIdentifier>{de7015b7-ab05-4c90-8999-6070cde749df}</UniqueIdentifier>
    </Filter>
    <Filter Include="FILTER_软件卸载">
      <UniqueIdentifier>{492832f7-9074-4008-9f43-058a725839e1}</UniqueIdentifier>
    </Filter>
    <Filter Include="FILTER_启动项">
      <UniqueIdentifier>{76771088-cf53-405e-9a59-b4dafbdbb341}</UniqueIdentifier>
    </Filter>
    <Filter Include="FILTER_连接病毒库服务器">
      <UniqueIdentifier>{c8f3d862-21ca-4d3e-b186-60d49197d2bf}</UniqueIdentifier>
    </Filter>
    <Filter Include="FILTER_注入">
      <UniqueIdentifier>{8b54515f-ba8f-4f83-a008-6b9348b00c20}</UniqueIdentifier>
    </Filter>
    <Filter Include="FILTER_文件管理">
      <UniqueIdentifier>{26f08e53-a4fd-446f-9942-52ae6d57cf97}</UniqueIdentifier>
    </Filter>
    <Filter Include="FILTER_垃圾清理">
      <UniqueIdentifier>{d2d0d046-c3c6-49bf-8c7d-7925c1407a3a}</UniqueIdentifier>
    </Filter>
    <Filter Include="FILTER_PE解析">
      <UniqueIdentifier>{e40bb309-76fb-41bf-bf51-7205d2bb4efe}</UniqueIdentifier>
    </Filter>
    <Filter Include="FILTER_PE解析\FILTER_数据目录">
      <UniqueIdentifier>{6b2664d7-6ab4-4ef9-8e98-9b87892b1b8b}</UniqueIdentifier>
    </Filter>
    <Filter Include="FILTER_PE解析\FILTER_区段头表">
      <UniqueIdentifier>{11ef1876-1d34-4029-baf1-8d9ab46a8da7}</UniqueIdentifier>
    </Filter>
    <Filter Include="FILTER_PE解析\FILTER_导入表">
      <UniqueIdentifier>{94d6d6f0-7502-4ee4-8881-97fe57cab0fa}</UniqueIdentifier>
    </Filter>
    <Filter Include="FILTER_PE解析\FILTER_导出表">
      <UniqueIdentifier>{8d792c57-f6f7-4701-93ab-cb6c9f4bbbaf}</UniqueIdentifier>
    </Filter>
    <Filter Include="FILTER_PE解析\FILTER_重定位表">
      <UniqueIdentifier>{314f5821-3ca0-495f-b531-7639f8f6184a}</UniqueIdentifier>
    </Filter>
    <Filter Include="FILTER_PE解析\FILTER_资源表">
      <UniqueIdentifier>{aab5c60f-99b5-4203-b225-37dcbd293cdf}</UniqueIdentifier>
    </Filter>
    <Filter Include="FILTER_PE解析\FILTER_TLS">
      <UniqueIdentifier>{bf32fb94-8d5b-4e27-9bec-09ad717d63c2}</UniqueIdentifier>
    </Filter>
    <Filter Include="FILTER_PE解析\FILTER_延迟加载表">
      <UniqueIdentifier>{2f7455ea-9a7e-48d6-a75b-fd78539c3469}</UniqueIdentifier>
    </Filter>
    <Filter Include="FILTER_服务管理">
      <UniqueIdentifier>{496d90e3-c47a-4417-8cae-2c4d627cfcbf}</UniqueIdentifier>
    </Filter>
    <Filter Include="FILTER_病毒查杀">
      <UniqueIdentifier>{180639f9-dcaf-4b78-a3af-c9dc099b4405}</UniqueIdentifier>
    </Filter>
    <Filter Include="FILTER_线程">
      <UniqueIdentifier>{63074df1-06b8-42c3-bee1-558971069033}</UniqueIdentifier>
    </Filter>
    <Filter Include="FILTER_主程序">
      <UniqueIdentifier>{cb4bafe8-dae0-4185-a439-2cd6af0ca78f}</UniqueIdentifier>
    </Filter>
    <Filter Include="FILTER_进程">
      <UniqueIdentifier>{89d173a3-c1b1-4fca-9499-d359add99d41}</UniqueIdentifier>
    </Filter>
    <Filter Include="FILTER_电脑管理">
      <UniqueIdentifier>{f7c842cb-e6f7-46ca-839d-b6fe74d348dc}</UniqueIdentifier>
    </Filter>
    <Filter Include="FILTER_模块">
      <UniqueIdentifier>{3e26383a-f5e7-42ef-9627-679941462f88}</UniqueIdentifier>
    </Filter>
    <Filter Include="FILTER_主窗口">
      <UniqueIdentifier>{9997b505-5383-4a59-aa9f-070ef566600a}</UniqueIdentifier>
    </Filter>
    <Filter Include="FILTER_堆">
      <UniqueIdentifier>{3d27cfd1-4c0c-46af-90b4-ebb5056859c4}</UniqueIdentifier>
    </Filter>
    <Filter Include="FILTER_窗口信息">
      <UniqueIdentifier>{4823cc52-d8cc-4e36-8883-bab6a488a746}</UniqueIdentifier>
    </Filter>
  </ItemGroup>
  <ItemGroup>
    <ClInclude Include="framework.h">
      <Filter>其他</Filter>
    </ClInclude>
    <ClInclude Include="pch.h">
      <Filter>其他</Filter>
    </ClInclude>
    <ClInclude Include="Resource.h">
      <Filter>其他</Filter>
    </ClInclude>
    <ClInclude Include="targetver.h">
      <Filter>其他</Filter>
    </ClInclude>
    <ClInclude Include="PCMgr.h">
      <Filter>FILTER_主程序</Filter>
    </ClInclude>
    <ClInclude Include="PCMgrDlg.h">
      <Filter>FILTER_主窗口</Filter>
    </ClInclude>
    <ClInclude Include="CTabCtrlPlus.h">
      <Filter>FILTER_增强控件</Filter>
    </ClInclude>
    <ClInclude Include="CDlgProcess.h">
      <Filter>FILTER_进程</Filter>
    </ClInclude>
    <ClInclude Include="CSnapShot.h">
      <Filter>FILTER_快照</Filter>
    </ClInclude>
    <ClInclude Include="CDlgThread.h">
      <Filter>FILTER_线程</Filter>
    </ClInclude>
    <ClInclude Include="CDlgModel.h">
      <Filter>FILTER_模块</Filter>
    </ClInclude>
    <ClInclude Include="CDlgHeapList.h">
      <Filter>FILTER_堆</Filter>
    </ClInclude>
    <ClInclude Include="CDlgComputer.h">
      <Filter>FILTER_电脑管理</Filter>
    </ClInclude>
    <ClInclude Include="CDlgFileCleaner.h">
      <Filter>FILTER_垃圾清理</Filter>
    </ClInclude>
    <ClInclude Include="CListCtrlPlus.h">
      <Filter>FILTER_增强控件</Filter>
    </ClInclude>
    <ClInclude Include="CDlgWND.h">
      <Filter>FILTER_窗口信息</Filter>
    </ClInclude>
    <ClInclude Include="CDlgPE.h">
      <Filter>FILTER_PE解析</Filter>
    </ClInclude>
    <ClInclude Include="CDlgDataDir.h">
      <Filter>FILTER_PE解析\FILTER_数据目录</Filter>
    </ClInclude>
    <ClInclude Include="CDlgSection.h">
      <Filter>FILTER_PE解析\FILTER_区段头表</Filter>
    </ClInclude>
    <ClInclude Include="CPE.h">
      <Filter>FILTER_PE</Filter>
    </ClInclude>
    <ClInclude Include="CDlgExport.h">
      <Filter>FILTER_PE解析\FILTER_导出表</Filter>
    </ClInclude>
    <ClInclude Include="CDlgImport.h">
      <Filter>FILTER_PE解析\FILTER_导入表</Filter>
    </ClInclude>
    <ClInclude Include="CDlgRelcation.h">
      <Filter>FILTER_PE解析\FILTER_重定位表</Filter>
    </ClInclude>
    <ClInclude Include="CDlgRes.h">
      <Filter>FILTER_PE解析\FILTER_资源表</Filter>
    </ClInclude>
    <ClInclude Include="CDlgTLS.h">
      <Filter>FILTER_PE解析\FILTER_TLS</Filter>
    </ClInclude>
    <ClInclude Include="CDlgDelayImport.h">
      <Filter>FILTER_PE解析\FILTER_延迟加载表</Filter>
    </ClInclude>
    <ClInclude Include="CDlgServer.h">
      <Filter>FILTER_服务管理</Filter>
    </ClInclude>
    <ClInclude Include="CDlgVirus.h">
      <Filter>FILTER_病毒查杀</Filter>
    </ClInclude>
    <ClInclude Include="CDlgInject.h">
      <Filter>FILTER_注入</Filter>
    </ClInclude>
    <ClInclude Include="CDlgUnInstall.h">
      <Filter>FILTER_软件卸载</Filter>
    </ClInclude>
    <ClInclude Include="CDlgStartItem.h">
      <Filter>FILTER_启动项</Filter>
    </ClInclude>
    <ClInclude Include="ConnectVirusLib.h">
      <Filter>FILTER_连接病毒库服务器</Filter>
    </ClInclude>
    <ClInclude Include="CDlgFileMgr.h">
      <Filter>FILTER_文件管理</Filter>
    </ClInclude>
  </ItemGroup>
  <ItemGroup>
    <ClCompile Include="pch.cpp">
      <Filter>其他</Filter>
    </ClCompile>
    <ClCompile Include="PCMgr.cpp">
      <Filter>FILTER_主程序</Filter>
    </ClCompile>
    <ClCompile Include="PCMgrDlg.cpp">
      <Filter>FILTER_主窗口</Filter>
    </ClCompile>
    <ClCompile Include="CTabCtrlPlus.cpp">
      <Filter>FILTER_增强控件</Filter>
    </ClCompile>
    <ClCompile Include="CDlgProcess.cpp">
      <Filter>FILTER_进程</Filter>
    </ClCompile>
    <ClCompile Include="CSnapShot.cpp">
      <Filter>FILTER_快照</Filter>
    </ClCompile>
    <ClCompile Include="CDlgThread.cpp">
      <Filter>FILTER_线程</Filter>
    </ClCompile>
    <ClCompile Include="CDlgModel.cpp">
      <Filter>FILTER_模块</Filter>
    </ClCompile>
    <ClCompile Include="CDlgHeapList.cpp">
      <Filter>FILTER_堆</Filter>
    </ClCompile>
    <ClCompile Include="CDlgComputer.cpp">
      <Filter>FILTER_电脑管理</Filter>
    </ClCompile>
    <ClCompile Include="CDlgFileCleaner.cpp">
      <Filter>FILTER_垃圾清理</Filter>
    </ClCompile>
    <ClCompile Include="CListCtrlPlus.cpp">
      <Filter>FILTER_增强控件</Filter>
    </ClCompile>
    <ClCompile Include="CDlgWND.cpp">
      <Filter>FILTER_窗口信息</Filter>
    </ClCompile>
    <ClCompile Include="CDlgPE.cpp">
      <Filter>FILTER_PE解析</Filter>
    </ClCompile>
    <ClCompile Include="CDlgDataDir.cpp">
      <Filter>FILTER_PE解析\FILTER_数据目录</Filter>
    </ClCompile>
    <ClCompile Include="CDlgSection.cpp">
      <Filter>FILTER_PE解析\FILTER_区段头表</Filter>
    </ClCompile>
    <ClCompile Include="CPE.cpp">
      <Filter>FILTER_PE</Filter>
    </ClCompile>
    <ClCompile Include="CDlgExport.cpp">
      <Filter>FILTER_PE解析\FILTER_导出表</Filter>
    </ClCompile>
    <ClCompile Include="CDlgImport.cpp">
      <Filter>FILTER_PE解析\FILTER_导入表</Filter>
    </ClCompile>
    <ClCompile Include="CDlgRelcation.cpp">
      <Filter>FILTER_PE解析\FILTER_重定位表</Filter>
    </ClCompile>
    <ClCompile Include="CDlgRes.cpp">
      <Filter>FILTER_PE解析\FILTER_资源表</Filter>
    </ClCompile>
    <ClCompile Include="CDlgTLS.cpp">
      <Filter>FILTER_PE解析\FILTER_TLS</Filter>
    </ClCompile>
    <ClCompile Include="CDlgDelayImport.cpp">
      <Filter>FILTER_PE解析\FILTER_延迟加载表</Filter>
    </ClCompile>
    <ClCompile Include="CDlgServer.cpp">
      <Filter>FILTER_服务管理</Filter>
    </ClCompile>
    <ClCompile Include="CDlgVirus.cpp">
      <Filter>FILTER_病毒查杀</Filter>
    </ClCompile>
    <ClCompile Include="CDlgInject.cpp">
      <Filter>FILTER_注入</Filter>
    </ClCompile>
    <ClCompile Include="CDlgUnInstall.cpp">
      <Filter>FILTER_软件卸载</Filter>
    </ClCompile>
    <ClCompile Include="CDlgStartItem.cpp">
      <Filter>FILTER_启动项</Filter>
    </ClCompile>
    <ClCompile Include="ConnectVirusLib.cpp">
      <Filter>FILTER_连接病毒库服务器</Filter>
    </ClCompile>
    <ClCompile Include="CDlgFileMgr.cpp">
      <Filter>FILTER_文件管理</Filter>
    </ClCompile>
  </ItemGroup>
  <ItemGroup>
    <ResourceCompile Include="PCMgr.rc">
      <Filter>资源文件</Filter>
    </ResourceCompile>
  </ItemGroup>
  <ItemGroup>
    <None Include="res\PCMgr.rc2">
      <Filter>资源文件</Filter>
    </None>
    <None Include="res\1.she">
      <Filter>资源文件</Filter>
    </None>
    <None Include="res\5.she">
      <Filter>资源文件</Filter>
    </None>
    <None Include="res\Aero.she">
      <Filter>资源文件</Filter>
    </None>
    <None Include="res\AeroBlack.she">
      <Filter>资源文件</Filter>
    </None>
    <None Include="res\Black _01.she">
      <Filter>资源文件</Filter>
    </None>
  </ItemGroup>
  <ItemGroup>
    <Image Include="res\PCMgr.ico">
      <Filter>资源文件</Filter>
    </Image>
  </ItemGroup>
</Project>