<?xml version="1.0" encoding="utf-8"?>
<Project ToolsVersion="4.0" xmlns="http://schemas.microsoft.com/developer/msbuild/2003">
  <ItemGroup>
    <ClCompile Include="about.cpp">
      <Filter>resourc</Filter>
    </ClCompile>
    <ClCompile Include="msgproc.cpp">
      <Filter>resourc</Filter>
    </ClCompile>
    <ClCompile Include="WinMain.cpp">
      <Filter>resourc</Filter>
    </ClCompile>
  </ItemGroup>
  <ItemGroup>
    <ClInclude Include="about.h">
      <Filter>header</Filter>
    </ClInclude>
    <ClInclude Include="common.h">
      <Filter>header</Filter>
    </ClInclude>
    <ClInclude Include="msgproc.h">
      <Filter>header</Filter>
    </ClInclude>
    <ClInclude Include="resource.h">
      <Filter>header</Filter>
    </ClInclude>
  </ItemGroup>
  <ItemGroup>
    <Filter Include="header">
      <UniqueIdentifier>{7c71f477-a269-44c7-b027-5ec008c9a2ee}</UniqueIdentifier>
    </Filter>
    <Filter Include="source">
      <UniqueIdentifier>{7b0d4b84-905a-44c2-a2e3-bc452bc224dd}</UniqueIdentifier>
    </Filter>
    <Filter Include="resourc">
      <UniqueIdentifier>{f04498c9-c42c-414d-9db2-a2c8f0d8b16a}</UniqueIdentifier>
    </Filter>
  </ItemGroup>
  <ItemGroup>
    <Image Include="JackLoong.ico">
      <Filter>source</Filter>
    </Image>
  </ItemGroup>
  <ItemGroup>
    <ResourceCompile Include="msgmap.rc">
      <Filter>source</Filter>
    </ResourceCompile>
  </ItemGroup>
</Project>